
Microsoft Visual Studio Solution File, Format Version 12.00
# Visual Studio Version 16
VisualStudioVersion = 16.0.32106.194
MinimumVisualStudioVersion = 10.0.40219.1
Project("{9A19103F-16F7-4668-BE54-9A1E7A4F7556}") = "FunctsionReturnAndArraysFromFile", "FunctsionReturnAndArraysFromFile\FunctsionReturnAndArraysFromFile.csproj", "{D9904C09-911D-48E0-B11A-4BF840A1C44C}"
EndProject
Project("{9A19103F-16F7-4668-BE54-9A1E7A4F7556}") = "FridayNightRandom", "FridayNightRandom\FridayNightRandom.csproj", "{531B1EBE-CCF3-4353-8E04-DC6BB506EEDC}"
EndProject
Project("{9A19103F-16F7-4668-BE54-9A1E7A4F7556}") = "FridayNigthRandomReturn", "FridayNigthRandomReturn\FridayNigthRandomReturn.csproj", "{1F5EBAAF-DFE2-460A-981E-FE861E12DBEB}"
EndProject
Project("{9A19103F-16F7-4668-BE54-9A1E7A4F7556}") = "PickRandomFormFile", "PickRandomFormFile\PickRandomFormFile.csproj", "{2445C16D-9292-418E-82F8-987825E0D7E2}"
EndProject
Project("{FAE04EC0-301F-11D3-BF4B-00C04F79EFBC}") = "ChuckNorris", "ChuckNorris\ChuckNorris.csproj", "{A312276D-6335-475B-9C47-EBB820F22390}"
EndProject
Global
	GlobalSection(SolutionConfigurationPlatforms) = preSolution
		Debug|Any CPU = Debug|Any CPU
		Release|Any CPU = Release|Any CPU
	EndGlobalSection
	GlobalSection(ProjectConfigurationPlatforms) = postSolution
		{D9904C09-911D-48E0-B11A-4BF840A1C44C}.Debug|Any CPU.ActiveCfg = Debug|Any CPU
		{D9904C09-911D-48E0-B11A-4BF840A1C44C}.Debug|Any CPU.Build.0 = Debug|Any CPU
		{D9904C09-911D-48E0-B11A-4BF840A1C44C}.Release|Any CPU.ActiveCfg = Release|Any CPU
		{D9904C09-911D-48E0-B11A-4BF840A1C44C}.Release|Any CPU.Build.0 = Release|Any CPU
		{531B1EBE-CCF3-4353-8E04-DC6BB506EEDC}.Debug|Any CPU.ActiveCfg = Debug|Any CPU
		{531B1EBE-CCF3-4353-8E04-DC6BB506EEDC}.Debug|Any CPU.Build.0 = Debug|Any CPU
		{531B1EBE-CCF3-4353-8E04-DC6BB506EEDC}.Release|Any CPU.ActiveCfg = Release|Any CPU
		{531B1EBE-CCF3-4353-8E04-DC6BB506EEDC}.Release|Any CPU.Build.0 = Release|Any CPU
		{1F5EBAAF-DFE2-460A-981E-FE861E12DBEB}.Debug|Any CPU.ActiveCfg = Debug|Any CPU
		{1F5EBAAF-DFE2-460A-981E-FE861E12DBEB}.Debug|Any CPU.Build.0 = Debug|Any CPU
		{1F5EBAAF-DFE2-460A-981E-FE861E12DBEB}.Release|Any CPU.ActiveCfg = Release|Any CPU
		{1F5EBAAF-DFE2-460A-981E-FE861E12DBEB}.Release|Any CPU.Build.0 = Release|Any CPU
		{2445C16D-9292-418E-82F8-987825E0D7E2}.Debug|Any CPU.ActiveCfg = Debug|Any CPU
		{2445C16D-9292-418E-82F8-987825E0D7E2}.Debug|Any CPU.Build.0 = Debug|Any CPU
		{2445C16D-9292-418E-82F8-987825E0D7E2}.Release|Any CPU.ActiveCfg = Release|Any CPU
		{2445C16D-9292-418E-82F8-987825E0D7E2}.Release|Any CPU.Build.0 = Release|Any CPU
		{A312276D-6335-475B-9C47-EBB820F22390}.Debug|Any CPU.ActiveCfg = Debug|Any CPU
		{A312276D-6335-475B-9C47-EBB820F22390}.Debug|Any CPU.Build.0 = Debug|Any CPU
		{A312276D-6335-475B-9C47-EBB820F22390}.Release|Any CPU.ActiveCfg = Release|Any CPU
		{A312276D-6335-475B-9C47-EBB820F22390}.Release|Any CPU.Build.0 = Release|Any CPU
	EndGlobalSection
	GlobalSection(SolutionProperties) = preSolution
		HideSolutionNode = FALSE
	EndGlobalSection
	GlobalSection(ExtensibilityGlobals) = postSolution
		SolutionGuid = {7EE3C8AD-7DBB-446C-B8FB-DCA48E51B31E}
	EndGlobalSection
EndGlobal
